{
  "name": "workspace",
  "version": "1.0.0",
  "lockfileVersion": 3,
  "requires": true,
  "packages": {
    "": {
      "name": "workspace",
      "version": "1.0.0",
      "license": "ISC",
      "dependencies": {
        "@babylonjs/core": "^7.44.0",
        "@babylonjs/gui": "^7.44.0",
        "@babylonjs/loaders": "^7.44.0"
      }
    },
    "node_modules/@babylonjs/core": {
      "version": "7.44.0",
      "resolved": "https://registry.npmjs.org/@babylonjs/core/-/core-7.44.0.tgz",
      "integrity": "sha512-1KJ7ndLDSOgNSZIOU2PxMcS/EOkK7nCocuMgZR2zDgrMqMXu+Hsk3rHmLp+9lDFFjA1DCFVyoy010a/1hHr8GA==",
      "license": "Apache-2.0"
    },
    "node_modules/@babylonjs/gui": {
      "version": "7.44.0",
      "resolved": "https://registry.npmjs.org/@babylonjs/gui/-/gui-7.44.0.tgz",
      "integrity": "sha512-pmvVBkKqWjdy37Z35iyPfr1fDjslYu3rG46UH4rAwAYbh09dAaZy7x+8MJNmO/IlMECYGHVt7R03rSIL+BD+qQ==",
      "license": "Apache-2.0",
      "peerDependencies": {
        "@babylonjs/core": "^7.0.0"
      }
    },
    "node_modules/@babylonjs/loaders": {
      "version": "7.44.0",
      "resolved": "https://registry.npmjs.org/@babylonjs/loaders/-/loaders-7.44.0.tgz",
      "integrity": "sha512-iA7jF7Oz2YXx0aprYjoHFkum16RMx8Apddp5eRgXK7eMjF1nn3wXnPaMbycyf8DSfxtZ2BKcBYUNp6ugtUlZ4A==",
      "license": "Apache-2.0",
      "peerDependencies": {
        "@babylonjs/core": "^7.0.0",
        "babylonjs-gltf2interface": "^7.0.0"
      }
    },
    "node_modules/babylonjs-gltf2interface": {
      "version": "7.44.0",
      "resolved": "https://registry.npmjs.org/babylonjs-gltf2interface/-/babylonjs-gltf2interface-7.44.0.tgz",
      "integrity": "sha512-slxShORX1vQzE1YcMNEdqhW4eWyZcAXiAgP12eDa7lkqBYY5EHytyemeiTCDnkYAe5Jf1vRxZaaMikiAX7+RWw==",
      "license": "Apache-2.0",
      "peer": true
    }
  }
}
